<?xml version="1.0" encoding="UTF-8" standalone="yes" ?>
<CodeBlocks_project_file>
	<FileVersion major="1" minor="6" />
	<Project>
		<Option title="PL1_Concesionario" />
		<Option pch_mode="2" />
		<Option compiler="gcc" />
		<Build>
			<Target title="Debug">
				<Option output="bin/Debug/PL1_Concesionario" prefix_auto="1" extension_auto="1" />
				<Option object_output="obj/Debug/" />
				<Option type="1" />
				<Option compiler="gcc" />
				<Compiler>
					<Add option="-g" />
					<Add directory="include" />
				</Compiler>
			</Target>
			<Target title="Release">
				<Option output="bin/Release/PL1_Concesionario" prefix_auto="1" extension_auto="1" />
				<Option object_output="obj/Release/" />
				<Option type="1" />
				<Option compiler="gcc" />
				<Compiler>
					<Add option="-O2" />
					<Add directory="include" />
				</Compiler>
				<Linker>
					<Add option="-s" />
				</Linker>
			</Target>
		</Build>
		<Compiler>
			<Add option="-Wall" />
			<Add option="-fexceptions" />
		</Compiler>
		<Unit filename="include/Camion.h" />
		<Unit filename="include/Cola.h">
			<Option compile="1" />
		</Unit>
		<Unit filename="include/Fabrica.h" />
		<Unit filename="include/FabricaService.h" />
		<Unit filename="include/Gestor.h" />
		<Unit filename="include/InteractionUIUtils.h" />
		<Unit filename="include/Nodo.h" />
		<Unit filename="include/Pila.h" />
		<Unit filename="include/Vehiculo.h" />
		<Unit filename="include/Zona.h" />
		<Unit filename="main.cpp" />
		<Unit filename="src/Camion.cpp" />
		<Unit filename="src/Cola.cpp" />
		<Unit filename="src/Fabrica.cpp" />
		<Unit filename="src/FabricaService.cpp" />
		<Unit filename="src/Gestor.cpp" />
		<Unit filename="src/InteractionUIUtils.cpp" />
		<Unit filename="src/Nodo.cpp" />
		<Unit filename="src/Pila.cpp" />
		<Unit filename="src/Vehiculo.cpp" />
		<Unit filename="src/Zona.cpp" />
		<Extensions>
			<lib_finder disable_auto="1" />
		</Extensions>
	</Project>
</CodeBlocks_project_file>
